
Microsoft Visual Studio Solution File, Format Version 12.00
# Visual Studio Version 16
VisualStudioVersion = 16.0.29324.140
MinimumVisualStudioVersion = 10.0.40219.1
Project("{FAE04EC0-301F-11D3-BF4B-00C04F79EFBC}") = "funStru", "funStru.csproj", "{3BA9FD9D-7EFE-46F3-819C-FE1AC873F7E3}"
EndProject
Project("{FAE04EC0-301F-11D3-BF4B-00C04F79EFBC}") = "TimeTest", "..\TimeTest\TimeTest.csproj", "{9DC1F3A2-EC71-4E41-B148-6C933C650752}"
EndProject
Global
	GlobalSection(SolutionConfigurationPlatforms) = preSolution
		Debug|Any CPU = Debug|Any CPU
		Release|Any CPU = Release|Any CPU
	EndGlobalSection
	GlobalSection(ProjectConfigurationPlatforms) = postSolution
		{3BA9FD9D-7EFE-46F3-819C-FE1AC873F7E3}.Debug|Any CPU.ActiveCfg = Debug|Any CPU
		{3BA9FD9D-7EFE-46F3-819C-FE1AC873F7E3}.Debug|Any CPU.Build.0 = Debug|Any CPU
		{3BA9FD9D-7EFE-46F3-819C-FE1AC873F7E3}.Release|Any CPU.ActiveCfg = Release|Any CPU
		{3BA9FD9D-7EFE-46F3-819C-FE1AC873F7E3}.Release|Any CPU.Build.0 = Release|Any CPU
		{9DC1F3A2-EC71-4E41-B148-6C933C650752}.Debug|Any CPU.ActiveCfg = Debug|Any CPU
		{9DC1F3A2-EC71-4E41-B148-6C933C650752}.Debug|Any CPU.Build.0 = Debug|Any CPU
		{9DC1F3A2-EC71-4E41-B148-6C933C650752}.Release|Any CPU.ActiveCfg = Release|Any CPU
		{9DC1F3A2-EC71-4E41-B148-6C933C650752}.Release|Any CPU.Build.0 = Release|Any CPU
	EndGlobalSection
	GlobalSection(SolutionProperties) = preSolution
		HideSolutionNode = FALSE
	EndGlobalSection
	GlobalSection(ExtensibilityGlobals) = postSolution
		SolutionGuid = {9F71C809-8A85-4F2B-A9D5-657B23A4AAA1}
	EndGlobalSection
EndGlobal
